
Microsoft Visual Studio Solution File, Format Version 12.00
# Visual Studio Version 17
VisualStudioVersion = 17.14.36915.13 d17.14
MinimumVisualStudioVersion = 10.0.40219.1
Project("{8BC9CEB8-8B4A-11D0-8D11-00A0C91BC942}") = "MyDriver1", "MyDriver1.vcxproj", "{71DAAEEB-E9B5-B222-72D5-A4FD046A80CA}"
EndProject
Global
	GlobalSection(SolutionConfigurationPlatforms) = preSolution
		Debug|ARM64 = Debug|ARM64
		Debug|x64 = Debug|x64
		Release|ARM64 = Release|ARM64
		Release|x64 = Release|x64
	EndGlobalSection
	GlobalSection(ProjectConfigurationPlatforms) = postSolution
		{71DAAEEB-E9B5-B222-72D5-A4FD046A80CA}.Debug|ARM64.ActiveCfg = Debug|ARM64
		{71DAAEEB-E9B5-B222-72D5-A4FD046A80CA}.Debug|ARM64.Build.0 = Debug|ARM64
		{71DAAEEB-E9B5-B222-72D5-A4FD046A80CA}.Debug|ARM64.Deploy.0 = Debug|ARM64
		{71DAAEEB-E9B5-B222-72D5-A4FD046A80CA}.Debug|x64.ActiveCfg = Debug|x64
		{71DAAEEB-E9B5-B222-72D5-A4FD046A80CA}.Debug|x64.Build.0 = Debug|x64
		{71DAAEEB-E9B5-B222-72D5-A4FD046A80CA}.Debug|x64.Deploy.0 = Debug|x64
		{71DAAEEB-E9B5-B222-72D5-A4FD046A80CA}.Release|ARM64.ActiveCfg = Release|ARM64
		{71DAAEEB-E9B5-B222-72D5-A4FD046A80CA}.Release|ARM64.Build.0 = Release|ARM64
		{71DAAEEB-E9B5-B222-72D5-A4FD046A80CA}.Release|ARM64.Deploy.0 = Release|ARM64
		{71DAAEEB-E9B5-B222-72D5-A4FD046A80CA}.Release|x64.ActiveCfg = Release|x64
		{71DAAEEB-E9B5-B222-72D5-A4FD046A80CA}.Release|x64.Build.0 = Release|x64
		{71DAAEEB-E9B5-B222-72D5-A4FD046A80CA}.Release|x64.Deploy.0 = Release|x64
	EndGlobalSection
	GlobalSection(SolutionProperties) = preSolution
		HideSolutionNode = FALSE
	EndGlobalSection
	GlobalSection(ExtensibilityGlobals) = postSolution
		SolutionGuid = {118269A5-4B23-4E86-A0DA-B0223244BD54}
	EndGlobalSection
EndGlobal
